
Microsoft Visual Studio Solution File, Format Version 12.00
# Visual Studio Version 17
VisualStudioVersion = 17.10.35122.118
MinimumVisualStudioVersion = 10.0.40219.1
Project("{FAE04EC0-301F-11D3-BF4B-00C04F79EFBC}") = "NetforemostAPI", "NetforemostAPI\NetforemostAPI.csproj", "{4C4D7D45-6B38-4E2C-934D-828F700C4D23}"
EndProject
Global
	GlobalSection(SolutionConfigurationPlatforms) = preSolution
		Debug|Any CPU = Debug|Any CPU
		Release|Any CPU = Release|Any CPU
	EndGlobalSection
	GlobalSection(ProjectConfigurationPlatforms) = postSolution
		{4C4D7D45-6B38-4E2C-934D-828F700C4D23}.Debug|Any CPU.ActiveCfg = Debug|Any CPU
		{4C4D7D45-6B38-4E2C-934D-828F700C4D23}.Debug|Any CPU.Build.0 = Debug|Any CPU
		{4C4D7D45-6B38-4E2C-934D-828F700C4D23}.Release|Any CPU.ActiveCfg = Release|Any CPU
		{4C4D7D45-6B38-4E2C-934D-828F700C4D23}.Release|Any CPU.Build.0 = Release|Any CPU
	EndGlobalSection
	GlobalSection(SolutionProperties) = preSolution
		HideSolutionNode = FALSE
	EndGlobalSection
	GlobalSection(ExtensibilityGlobals) = postSolution
		SolutionGuid = {947E0AEE-73B2-4A84-B655-7F616E4F3B82}
	EndGlobalSection
EndGlobal
